
Microsoft Visual Studio Solution File, Format Version 12.00
# Visual Studio Version 16
VisualStudioVersion = 16.0.30330.147
MinimumVisualStudioVersion = 10.0.40219.1
Project("{9A19103F-16F7-4668-BE54-9A1E7A4F7556}") = "RabbitMQ.Common", "RabbitMQ.Common\RabbitMQ.Common.csproj", "{C9DAC5BD-A5AE-443D-8820-547213DD3BB3}"
EndProject
Project("{9A19103F-16F7-4668-BE54-9A1E7A4F7556}") = "StandardQueueProducer", "StandardQueueProducer\StandardQueueProducer.csproj", "{C56A57BD-723B-4212-9180-249EC8C1C71E}"
EndProject
Project("{9A19103F-16F7-4668-BE54-9A1E7A4F7556}") = "StandardQueueConsumer", "StandardQueueConsumer\StandardQueueConsumer.csproj", "{9FEB05AA-2DA8-4159-B970-D42929AFED56}"
EndProject
Project("{FAE04EC0-301F-11D3-BF4B-00C04F79EFBC}") = "WorkerQueueProducer", "WorkerQueueProducer\WorkerQueueProducer.csproj", "{A2BFF3B1-22CD-4FC5-8947-A595B282BCA3}"
EndProject
Project("{FAE04EC0-301F-11D3-BF4B-00C04F79EFBC}") = "WorkerQueueConsumer", "WorkerQueueConsumer\WorkerQueueConsumer.csproj", "{B2D83622-C339-4362-A99E-5E561246E61C}"
EndProject
Global
	GlobalSection(SolutionConfigurationPlatforms) = preSolution
		Debug|Any CPU = Debug|Any CPU
		Release|Any CPU = Release|Any CPU
	EndGlobalSection
	GlobalSection(ProjectConfigurationPlatforms) = postSolution
		{C9DAC5BD-A5AE-443D-8820-547213DD3BB3}.Debug|Any CPU.ActiveCfg = Debug|Any CPU
		{C9DAC5BD-A5AE-443D-8820-547213DD3BB3}.Debug|Any CPU.Build.0 = Debug|Any CPU
		{C9DAC5BD-A5AE-443D-8820-547213DD3BB3}.Release|Any CPU.ActiveCfg = Release|Any CPU
		{C9DAC5BD-A5AE-443D-8820-547213DD3BB3}.Release|Any CPU.Build.0 = Release|Any CPU
		{C56A57BD-723B-4212-9180-249EC8C1C71E}.Debug|Any CPU.ActiveCfg = Debug|Any CPU
		{C56A57BD-723B-4212-9180-249EC8C1C71E}.Debug|Any CPU.Build.0 = Debug|Any CPU
		{C56A57BD-723B-4212-9180-249EC8C1C71E}.Release|Any CPU.ActiveCfg = Release|Any CPU
		{C56A57BD-723B-4212-9180-249EC8C1C71E}.Release|Any CPU.Build.0 = Release|Any CPU
		{9FEB05AA-2DA8-4159-B970-D42929AFED56}.Debug|Any CPU.ActiveCfg = Debug|Any CPU
		{9FEB05AA-2DA8-4159-B970-D42929AFED56}.Debug|Any CPU.Build.0 = Debug|Any CPU
		{9FEB05AA-2DA8-4159-B970-D42929AFED56}.Release|Any CPU.ActiveCfg = Release|Any CPU
		{9FEB05AA-2DA8-4159-B970-D42929AFED56}.Release|Any CPU.Build.0 = Release|Any CPU
		{A2BFF3B1-22CD-4FC5-8947-A595B282BCA3}.Debug|Any CPU.ActiveCfg = Debug|Any CPU
		{A2BFF3B1-22CD-4FC5-8947-A595B282BCA3}.Debug|Any CPU.Build.0 = Debug|Any CPU
		{A2BFF3B1-22CD-4FC5-8947-A595B282BCA3}.Release|Any CPU.ActiveCfg = Release|Any CPU
		{A2BFF3B1-22CD-4FC5-8947-A595B282BCA3}.Release|Any CPU.Build.0 = Release|Any CPU
		{B2D83622-C339-4362-A99E-5E561246E61C}.Debug|Any CPU.ActiveCfg = Debug|Any CPU
		{B2D83622-C339-4362-A99E-5E561246E61C}.Debug|Any CPU.Build.0 = Debug|Any CPU
		{B2D83622-C339-4362-A99E-5E561246E61C}.Release|Any CPU.ActiveCfg = Release|Any CPU
		{B2D83622-C339-4362-A99E-5E561246E61C}.Release|Any CPU.Build.0 = Release|Any CPU
	EndGlobalSection
	GlobalSection(SolutionProperties) = preSolution
		HideSolutionNode = FALSE
	EndGlobalSection
	GlobalSection(ExtensibilityGlobals) = postSolution
		SolutionGuid = {EDE5A1B2-877D-4E88-9C26-71C3AF8DE643}
	EndGlobalSection
EndGlobal
